
Microsoft Visual Studio Solution File, Format Version 12.00
# Visual Studio Version 16
VisualStudioVersion = 16.0.30309.148
MinimumVisualStudioVersion = 10.0.40219.1
Project("{FAE04EC0-301F-11D3-BF4B-00C04F79EFBC}") = "project", "project\project.csproj", "{75011C09-6C0A-409B-8C19-5408D90621A6}"
EndProject
Project("{FAE04EC0-301F-11D3-BF4B-00C04F79EFBC}") = "POS_2", "..\..\..\..\Downloads\POS_2\POS_2.csproj", "{B8BFDDC6-78E9-4012-8961-0EBD5F211B4F}"
EndProject
Global
	GlobalSection(SolutionConfigurationPlatforms) = preSolution
		Debug|Any CPU = Debug|Any CPU
		Release|Any CPU = Release|Any CPU
	EndGlobalSection
	GlobalSection(ProjectConfigurationPlatforms) = postSolution
		{75011C09-6C0A-409B-8C19-5408D90621A6}.Debug|Any CPU.ActiveCfg = Debug|Any CPU
		{75011C09-6C0A-409B-8C19-5408D90621A6}.Debug|Any CPU.Build.0 = Debug|Any CPU
		{75011C09-6C0A-409B-8C19-5408D90621A6}.Release|Any CPU.ActiveCfg = Release|Any CPU
		{75011C09-6C0A-409B-8C19-5408D90621A6}.Release|Any CPU.Build.0 = Release|Any CPU
		{B8BFDDC6-78E9-4012-8961-0EBD5F211B4F}.Debug|Any CPU.ActiveCfg = Debug|Any CPU
		{B8BFDDC6-78E9-4012-8961-0EBD5F211B4F}.Debug|Any CPU.Build.0 = Debug|Any CPU
		{B8BFDDC6-78E9-4012-8961-0EBD5F211B4F}.Release|Any CPU.ActiveCfg = Release|Any CPU
		{B8BFDDC6-78E9-4012-8961-0EBD5F211B4F}.Release|Any CPU.Build.0 = Release|Any CPU
	EndGlobalSection
	GlobalSection(SolutionProperties) = preSolution
		HideSolutionNode = FALSE
	EndGlobalSection
	GlobalSection(ExtensibilityGlobals) = postSolution
		SolutionGuid = {02205822-4E43-4F36-B25B-E59CF75C6DE3}
	EndGlobalSection
EndGlobal
